
Microsoft Visual Studio Solution File, Format Version 12.00
# Visual Studio Version 17
VisualStudioVersion = 17.7.34221.43
MinimumVisualStudioVersion = 10.0.40219.1
Project("{9A19103F-16F7-4668-BE54-9A1E7A4F7556}") = "AppointmentScheduling", "DotNet-AppointmentScheduling-Application-MsSQL-Solution-main\AppointmentScheduling.csproj", "{E9E77B41-9D3D-4631-BEBF-463EEE6A983E}"
EndProject
Project("{9A19103F-16F7-4668-BE54-9A1E7A4F7556}") = "AppointmentScheduling.DAL", "AppointmentScheduling.DAL\AppointmentScheduling.DAL.csproj", "{18C5100E-6A46-476A-B22B-BACEB122C5C3}"
EndProject
Project("{9A19103F-16F7-4668-BE54-9A1E7A4F7556}") = "AppointmentScheduling.Entities", "AppointmentScheduling.Entities\AppointmentScheduling.Entities.csproj", "{5DB8063A-0D96-417C-8C24-33128AF866DB}"
EndProject
Project("{9A19103F-16F7-4668-BE54-9A1E7A4F7556}") = "AppointmentScheduling.BAL", "AppointmentScheduling.BAL\AppointmentScheduling.BAL.csproj", "{45AF5F6F-98DC-4536-803B-181AF07B3B5E}"
EndProject
Project("{9A19103F-16F7-4668-BE54-9A1E7A4F7556}") = "AppointmentScheduling.Tests", "AppointmentSchedulingTests\AppointmentScheduling.Tests.csproj", "{4A29E438-F797-4562-A4D8-C5B4523FB7EE}"
EndProject
Global
	GlobalSection(SolutionConfigurationPlatforms) = preSolution
		Debug|Any CPU = Debug|Any CPU
		Release|Any CPU = Release|Any CPU
	EndGlobalSection
	GlobalSection(ProjectConfigurationPlatforms) = postSolution
		{E9E77B41-9D3D-4631-BEBF-463EEE6A983E}.Debug|Any CPU.ActiveCfg = Debug|Any CPU
		{E9E77B41-9D3D-4631-BEBF-463EEE6A983E}.Debug|Any CPU.Build.0 = Debug|Any CPU
		{E9E77B41-9D3D-4631-BEBF-463EEE6A983E}.Release|Any CPU.ActiveCfg = Release|Any CPU
		{E9E77B41-9D3D-4631-BEBF-463EEE6A983E}.Release|Any CPU.Build.0 = Release|Any CPU
		{18C5100E-6A46-476A-B22B-BACEB122C5C3}.Debug|Any CPU.ActiveCfg = Debug|Any CPU
		{18C5100E-6A46-476A-B22B-BACEB122C5C3}.Debug|Any CPU.Build.0 = Debug|Any CPU
		{18C5100E-6A46-476A-B22B-BACEB122C5C3}.Release|Any CPU.ActiveCfg = Release|Any CPU
		{18C5100E-6A46-476A-B22B-BACEB122C5C3}.Release|Any CPU.Build.0 = Release|Any CPU
		{5DB8063A-0D96-417C-8C24-33128AF866DB}.Debug|Any CPU.ActiveCfg = Debug|Any CPU
		{5DB8063A-0D96-417C-8C24-33128AF866DB}.Debug|Any CPU.Build.0 = Debug|Any CPU
		{5DB8063A-0D96-417C-8C24-33128AF866DB}.Release|Any CPU.ActiveCfg = Release|Any CPU
		{5DB8063A-0D96-417C-8C24-33128AF866DB}.Release|Any CPU.Build.0 = Release|Any CPU
		{45AF5F6F-98DC-4536-803B-181AF07B3B5E}.Debug|Any CPU.ActiveCfg = Debug|Any CPU
		{45AF5F6F-98DC-4536-803B-181AF07B3B5E}.Debug|Any CPU.Build.0 = Debug|Any CPU
		{45AF5F6F-98DC-4536-803B-181AF07B3B5E}.Release|Any CPU.ActiveCfg = Release|Any CPU
		{45AF5F6F-98DC-4536-803B-181AF07B3B5E}.Release|Any CPU.Build.0 = Release|Any CPU
		{4A29E438-F797-4562-A4D8-C5B4523FB7EE}.Debug|Any CPU.ActiveCfg = Debug|Any CPU
		{4A29E438-F797-4562-A4D8-C5B4523FB7EE}.Debug|Any CPU.Build.0 = Debug|Any CPU
		{4A29E438-F797-4562-A4D8-C5B4523FB7EE}.Release|Any CPU.ActiveCfg = Release|Any CPU
		{4A29E438-F797-4562-A4D8-C5B4523FB7EE}.Release|Any CPU.Build.0 = Release|Any CPU
	EndGlobalSection
	GlobalSection(SolutionProperties) = preSolution
		HideSolutionNode = FALSE
	EndGlobalSection
	GlobalSection(ExtensibilityGlobals) = postSolution
		SolutionGuid = {2779DE6B-A593-4293-B9A7-56AD4669B978}
	EndGlobalSection
EndGlobal
